
Microsoft Visual Studio Solution File, Format Version 12.00
# Visual Studio Version 17
VisualStudioVersion = 17.11.35222.181
MinimumVisualStudioVersion = 10.0.40219.1
Project("{FAE04EC0-301F-11D3-BF4B-00C04F79EFBC}") = "Trees1", "Trees\Trees1.csproj", "{9DFD0020-EB2D-4D42-A13F-704468AA28A8}"
EndProject
Project("{FAE04EC0-301F-11D3-BF4B-00C04F79EFBC}") = "Trees2", "Trees2\Trees2.csproj", "{FEC986A3-9C76-4E32-8B61-049125C3E368}"
EndProject
Global
	GlobalSection(SolutionConfigurationPlatforms) = preSolution
		Debug|Any CPU = Debug|Any CPU
		Release|Any CPU = Release|Any CPU
	EndGlobalSection
	GlobalSection(ProjectConfigurationPlatforms) = postSolution
		{9DFD0020-EB2D-4D42-A13F-704468AA28A8}.Debug|Any CPU.ActiveCfg = Debug|Any CPU
		{9DFD0020-EB2D-4D42-A13F-704468AA28A8}.Debug|Any CPU.Build.0 = Debug|Any CPU
		{9DFD0020-EB2D-4D42-A13F-704468AA28A8}.Release|Any CPU.ActiveCfg = Release|Any CPU
		{9DFD0020-EB2D-4D42-A13F-704468AA28A8}.Release|Any CPU.Build.0 = Release|Any CPU
		{FEC986A3-9C76-4E32-8B61-049125C3E368}.Debug|Any CPU.ActiveCfg = Debug|Any CPU
		{FEC986A3-9C76-4E32-8B61-049125C3E368}.Debug|Any CPU.Build.0 = Debug|Any CPU
		{FEC986A3-9C76-4E32-8B61-049125C3E368}.Release|Any CPU.ActiveCfg = Release|Any CPU
		{FEC986A3-9C76-4E32-8B61-049125C3E368}.Release|Any CPU.Build.0 = Release|Any CPU
	EndGlobalSection
	GlobalSection(SolutionProperties) = preSolution
		HideSolutionNode = FALSE
	EndGlobalSection
	GlobalSection(ExtensibilityGlobals) = postSolution
		SolutionGuid = {CC45772E-18C3-4503-8893-46BEC3F4CD58}
	EndGlobalSection
EndGlobal
